
Microsoft Visual Studio Solution File, Format Version 12.00
# Visual Studio Version 16
VisualStudioVersion = 16.0.31729.503
MinimumVisualStudioVersion = 10.0.40219.1
Project("{FAE04EC0-301F-11D3-BF4B-00C04F79EFBC}") = "SaintNicholas", "SaintNicholas.csproj", "{42F7C728-042E-48BA-B3E5-000F7720BBCB}"
EndProject
Global
	GlobalSection(SolutionConfigurationPlatforms) = preSolution
		Debug|Any CPU = Debug|Any CPU
		Release|Any CPU = Release|Any CPU
	EndGlobalSection
	GlobalSection(ProjectConfigurationPlatforms) = postSolution
		{42F7C728-042E-48BA-B3E5-000F7720BBCB}.Debug|Any CPU.ActiveCfg = Debug|Any CPU
		{42F7C728-042E-48BA-B3E5-000F7720BBCB}.Debug|Any CPU.Build.0 = Debug|Any CPU
		{42F7C728-042E-48BA-B3E5-000F7720BBCB}.Release|Any CPU.ActiveCfg = Release|Any CPU
		{42F7C728-042E-48BA-B3E5-000F7720BBCB}.Release|Any CPU.Build.0 = Release|Any CPU
	EndGlobalSection
	GlobalSection(SolutionProperties) = preSolution
		HideSolutionNode = FALSE
	EndGlobalSection
	GlobalSection(ExtensibilityGlobals) = postSolution
		SolutionGuid = {8D9389E7-DC7F-4233-886B-D1EF553B3B6D}
	EndGlobalSection
EndGlobal
